
Microsoft Visual Studio Solution File, Format Version 12.00
# Visual Studio Version 17
VisualStudioVersion = 17.1.32210.238
MinimumVisualStudioVersion = 10.0.40219.1
Project("{FAE04EC0-301F-11D3-BF4B-00C04F79EFBC}") = "Hytone.Timberborn.MirrorBuildings", "Hytone.Timberborn.MirrorBuildings\Hytone.Timberborn.MirrorBuildings.csproj", "{A001CDC4-F08E-4DE4-ADF2-39177A2A1141}"
EndProject
Global
	GlobalSection(SolutionConfigurationPlatforms) = preSolution
		Debug|Any CPU = Debug|Any CPU
		Release|Any CPU = Release|Any CPU
	EndGlobalSection
	GlobalSection(ProjectConfigurationPlatforms) = postSolution
		{A001CDC4-F08E-4DE4-ADF2-39177A2A1141}.Debug|Any CPU.ActiveCfg = Debug|Any CPU
		{A001CDC4-F08E-4DE4-ADF2-39177A2A1141}.Debug|Any CPU.Build.0 = Debug|Any CPU
		{A001CDC4-F08E-4DE4-ADF2-39177A2A1141}.Release|Any CPU.ActiveCfg = Release|Any CPU
		{A001CDC4-F08E-4DE4-ADF2-39177A2A1141}.Release|Any CPU.Build.0 = Release|Any CPU
	EndGlobalSection
	GlobalSection(SolutionProperties) = preSolution
		HideSolutionNode = FALSE
	EndGlobalSection
	GlobalSection(ExtensibilityGlobals) = postSolution
		SolutionGuid = {11A967AA-544B-486B-809F-8EF01F4F714D}
	EndGlobalSection
EndGlobal
